
Microsoft Visual Studio Solution File, Format Version 12.00
# Visual Studio Version 17
VisualStudioVersion = 17.13.35617.110
MinimumVisualStudioVersion = 10.0.40219.1
Project("{FAE04EC0-301F-11D3-BF4B-00C04F79EFBC}") = "Caffe.Api", "Caffe.Api\Caffe.Api.csproj", "{F3381307-0157-44D5-9141-0C490D6BCD19}"
EndProject
Project("{FAE04EC0-301F-11D3-BF4B-00C04F79EFBC}") = "Caffe.Api.Domain", "Caffe.Api.Domain\Caffe.Api.Domain.csproj", "{AEB55AF7-CBFC-45C7-BEC3-D38337D77749}"
EndProject
Project("{FAE04EC0-301F-11D3-BF4B-00C04F79EFBC}") = "Caffe.Api.UnitTests", "Caffe.Api.UnitTests\Caffe.Api.UnitTests.csproj", "{E0FF6F9B-4707-47A4-B3F4-7596350A5296}"
EndProject
Project("{FAE04EC0-301F-11D3-BF4B-00C04F79EFBC}") = "Caffe.Api.Application", "Caffe.Api.Application\Caffe.Api.Application.csproj", "{86FC3247-AF6E-4CB3-A22F-A5DBC871C655}"
EndProject
Project("{FAE04EC0-301F-11D3-BF4B-00C04F79EFBC}") = "Caffe.Api.Infrastructure", "Caffe.Api.Infrastucture\Caffe.Api.Infrastructure.csproj", "{A5A1AC6E-036A-4F3E-8D44-87611215A5A4}"
EndProject
Global
	GlobalSection(SolutionConfigurationPlatforms) = preSolution
		Debug|Any CPU = Debug|Any CPU
		Release|Any CPU = Release|Any CPU
	EndGlobalSection
	GlobalSection(ProjectConfigurationPlatforms) = postSolution
		{F3381307-0157-44D5-9141-0C490D6BCD19}.Debug|Any CPU.ActiveCfg = Debug|Any CPU
		{F3381307-0157-44D5-9141-0C490D6BCD19}.Debug|Any CPU.Build.0 = Debug|Any CPU
		{F3381307-0157-44D5-9141-0C490D6BCD19}.Release|Any CPU.ActiveCfg = Release|Any CPU
		{F3381307-0157-44D5-9141-0C490D6BCD19}.Release|Any CPU.Build.0 = Release|Any CPU
		{AEB55AF7-CBFC-45C7-BEC3-D38337D77749}.Debug|Any CPU.ActiveCfg = Debug|Any CPU
		{AEB55AF7-CBFC-45C7-BEC3-D38337D77749}.Debug|Any CPU.Build.0 = Debug|Any CPU
		{AEB55AF7-CBFC-45C7-BEC3-D38337D77749}.Release|Any CPU.ActiveCfg = Release|Any CPU
		{AEB55AF7-CBFC-45C7-BEC3-D38337D77749}.Release|Any CPU.Build.0 = Release|Any CPU
		{E0FF6F9B-4707-47A4-B3F4-7596350A5296}.Debug|Any CPU.ActiveCfg = Debug|Any CPU
		{E0FF6F9B-4707-47A4-B3F4-7596350A5296}.Debug|Any CPU.Build.0 = Debug|Any CPU
		{E0FF6F9B-4707-47A4-B3F4-7596350A5296}.Release|Any CPU.ActiveCfg = Release|Any CPU
		{E0FF6F9B-4707-47A4-B3F4-7596350A5296}.Release|Any CPU.Build.0 = Release|Any CPU
		{86FC3247-AF6E-4CB3-A22F-A5DBC871C655}.Debug|Any CPU.ActiveCfg = Debug|Any CPU
		{86FC3247-AF6E-4CB3-A22F-A5DBC871C655}.Debug|Any CPU.Build.0 = Debug|Any CPU
		{86FC3247-AF6E-4CB3-A22F-A5DBC871C655}.Release|Any CPU.ActiveCfg = Release|Any CPU
		{86FC3247-AF6E-4CB3-A22F-A5DBC871C655}.Release|Any CPU.Build.0 = Release|Any CPU
		{A5A1AC6E-036A-4F3E-8D44-87611215A5A4}.Debug|Any CPU.ActiveCfg = Debug|Any CPU
		{A5A1AC6E-036A-4F3E-8D44-87611215A5A4}.Debug|Any CPU.Build.0 = Debug|Any CPU
		{A5A1AC6E-036A-4F3E-8D44-87611215A5A4}.Release|Any CPU.ActiveCfg = Release|Any CPU
		{A5A1AC6E-036A-4F3E-8D44-87611215A5A4}.Release|Any CPU.Build.0 = Release|Any CPU
	EndGlobalSection
	GlobalSection(SolutionProperties) = preSolution
		HideSolutionNode = FALSE
	EndGlobalSection
	GlobalSection(ExtensibilityGlobals) = postSolution
		SolutionGuid = {84F772A2-42A4-4BC3-AEEB-C7ACC67AEF5B}
	EndGlobalSection
EndGlobal
